// !$*UTF8*$!
{
	archiveVersion = 1;
	classes = {
	};
	objectVersion = 51;
	objects = {

/* Begin PBXBuildFile section */
		8DF04A64831F3059DCFEFA60 /* Pods_iOS_Fastlane_DemoTests.framework in Frameworks */ = {isa = PBXBuildFile; fileRef = D734DA43318436E35BF959AC /* Pods_iOS_Fastlane_DemoTests.framework */; };
		B6B3FE8B6662C5FDC1562DE3 /* Pods_iOS_Fastlane_DemoUITests.framework in Frameworks */ = {isa = PBXBuildFile; fileRef = C06114D139F418D7A015D359 /* Pods_iOS_Fastlane_DemoUITests.framework */; };
		ED273EF03E78DDCAA6D4C1A4 /* Pods_iOS_Fastlane_Demo.framework in Frameworks */ = {isa = PBXBuildFile; fileRef = 861745B3970EB86E55904D7E /* Pods_iOS_Fastlane_Demo.framework */; };
		FD78B45D230CD79E00F5AA44 /* AppDelegate.m in Sources */ = {isa = PBXBuildFile; fileRef = FD78B45C230CD79E00F5AA44 /* AppDelegate.m */; };
		FD78B460230CD79E00F5AA44 /* ViewController.m in Sources */ = {isa = PBXBuildFile; fileRef = FD78B45F230CD79E00F5AA44 /* ViewController.m */; };
		FD78B463230CD79E00F5AA44 /* Main.storyboard in Resources */ = {isa = PBXBuildFile; fileRef = FD78B461230CD79E00F5AA44 /* Main.storyboard */; };
		FD78B465230CD7A100F5AA44 /* Assets.xcassets in Resources */ = {isa = PBXBuildFile; fileRef = FD78B464230CD7A100F5AA44 /* Assets.xcassets */; };
		FD78B468230CD7A100F5AA44 /* LaunchScreen.storyboard in Resources */ = {isa = PBXBuildFile; fileRef = FD78B466230CD7A100F5AA44 /* LaunchScreen.storyboard */; };
		FD78B46B230CD7A100F5AA44 /* main.m in Sources */ = {isa = PBXBuildFile; fileRef = FD78B46A230CD7A100F5AA44 /* main.m */; };
		FD78B475230CD7A100F5AA44 /* iOS_Fastlane_DemoTests.m in Sources */ = {isa = PBXBuildFile; fileRef = FD78B474230CD7A100F5AA44 /* iOS_Fastlane_DemoTests.m */; };
		FD78B480230CD7A100F5AA44 /* iOS_Fastlane_DemoUITests.m in Sources */ = {isa = PBXBuildFile; fileRef = FD78B47F230CD7A100F5AA44 /* iOS_Fastlane_DemoUITests.m */; };
/* End PBXBuildFile section */

/* Begin PBXContainerItemProxy section */
		FD78B471230CD7A100F5AA44 /* PBXContainerItemProxy */ = {
			isa = PBXContainerItemProxy;
			containerPortal = FD78B450230CD79E00F5AA44 /* Project object */;
			proxyType = 1;
			remoteGlobalIDString = FD78B457230CD79E00F5AA44;
			remoteInfo = iOS_Fastlane_Demo;
		};
		FD78B47C230CD7A100F5AA44 /* PBXContainerItemProxy */ = {
			isa = PBXContainerItemProxy;
			containerPortal = FD78B450230CD79E00F5AA44 /* Project object */;
			proxyType = 1;
			remoteGlobalIDString = FD78B457230CD79E00F5AA44;
			remoteInfo = iOS_Fastlane_Demo;
		};
/* End PBXContainerItemProxy section */

/* Begin PBXFileReference section */
		6677E4CB19DD44E4D4BA464F /* Pods-iOS_Fastlane_DemoUITests.release.xcconfig */ = {isa = PBXFileReference; includeInIndex = 1; lastKnownFileType = text.xcconfig; name = "Pods-iOS_Fastlane_DemoUITests.release.xcconfig"; path = "Target Support Files/Pods-iOS_Fastlane_DemoUITests/Pods-iOS_Fastlane_DemoUITests.release.xcconfig"; sourceTree = "<group>"; };
		861745B3970EB86E55904D7E /* Pods_iOS_Fastlane_Demo.framework */ = {isa = PBXFileReference; explicitFileType = wrapper.framework; includeInIndex = 0; path = Pods_iOS_Fastlane_Demo.framework; sourceTree = BUILT_PRODUCTS_DIR; };
		AA64D0F6034111F69E975CB1 /* Pods-iOS_Fastlane_DemoTests.debug.xcconfig */ = {isa = PBXFileReference; includeInIndex = 1; lastKnownFileType = text.xcconfig; name = "Pods-iOS_Fastlane_DemoTests.debug.xcconfig"; path = "Target Support Files/Pods-iOS_Fastlane_DemoTests/Pods-iOS_Fastlane_DemoTests.debug.xcconfig"; sourceTree = "<group>"; };
		B066D332B9BAC62F0903C4F2 /* Pods-iOS_Fastlane_Demo.debug.xcconfig */ = {isa = PBXFileReference; includeInIndex = 1; lastKnownFileType = text.xcconfig; name = "Pods-iOS_Fastlane_Demo.debug.xcconfig"; path = "Target Support Files/Pods-iOS_Fastlane_Demo/Pods-iOS_Fastlane_Demo.debug.xcconfig"; sourceTree = "<group>"; };
		BB4E65F982FA56B63D9AF049 /* Pods-iOS_Fastlane_DemoTests.release.xcconfig */ = {isa = PBXFileReference; includeInIndex = 1; lastKnownFileType = text.xcconfig; name = "Pods-iOS_Fastlane_DemoTests.release.xcconfig"; path = "Target Support Files/Pods-iOS_Fastlane_DemoTests/Pods-iOS_Fastlane_DemoTests.release.xcconfig"; sourceTree = "<group>"; };
		C06114D139F418D7A015D359 /* Pods_iOS_Fastlane_DemoUITests.framework */ = {isa = PBXFileReference; explicitFileType = wrapper.framework; includeInIndex = 0; path = Pods_iOS_Fastlane_DemoUITests.framework; sourceTree = BUILT_PRODUCTS_DIR; };
		C834D1819759B085892C6791 /* Pods-iOS_Fastlane_Demo.release.xcconfig */ = {isa = PBXFileReference; includeInIndex = 1; lastKnownFileType = text.xcconfig; name = "Pods-iOS_Fastlane_Demo.release.xcconfig"; path = "Target Support Files/Pods-iOS_Fastlane_Demo/Pods-iOS_Fastlane_Demo.release.xcconfig"; sourceTree = "<group>"; };
		D734DA43318436E35BF959AC /* Pods_iOS_Fastlane_DemoTests.framework */ = {isa = PBXFileReference; explicitFileType = wrapper.framework; includeInIndex = 0; path = Pods_iOS_Fastlane_DemoTests.framework; sourceTree = BUILT_PRODUCTS_DIR; };
		F81BD2161FDE128E9E7EBF89 /* Pods-iOS_Fastlane_DemoUITests.debug.xcconfig */ = {isa = PBXFileReference; includeInIndex = 1; lastKnownFileType = text.xcconfig; name = "Pods-iOS_Fastlane_DemoUITests.debug.xcconfig"; path = "Target Support Files/Pods-iOS_Fastlane_DemoUITests/Pods-iOS_Fastlane_DemoUITests.debug.xcconfig"; sourceTree = "<group>"; };
		FD78B458230CD79E00F5AA44 /* iOS_Fastlane_Demo.app */ = {isa = PBXFileReference; explicitFileType = wrapper.application; includeInIndex = 0; path = iOS_Fastlane_Demo.app; sourceTree = BUILT_PRODUCTS_DIR; };
		FD78B45B230CD79E00F5AA44 /* AppDelegate.h */ = {isa = PBXFileReference; lastKnownFileType = sourcecode.c.h; path = AppDelegate.h; sourceTree = "<group>"; };
		FD78B45C230CD79E00F5AA44 /* AppDelegate.m */ = {isa = PBXFileReference; lastKnownFileType = sourcecode.c.objc; path = AppDelegate.m; sourceTree = "<group>"; };
		FD78B45E230CD79E00F5AA44 /* ViewController.h */ = {isa = PBXFileReference; lastKnownFileType = sourcecode.c.h; path = ViewController.h; sourceTree = "<group>"; };
		FD78B45F230CD79E00F5AA44 /* ViewController.m */ = {isa = PBXFileReference; lastKnownFileType = sourcecode.c.objc; path = ViewController.m; sourceTree = "<group>"; };
		FD78B462230CD79E00F5AA44 /* Base */ = {isa = PBXFileReference; lastKnownFileType = file.storyboard; name = Base; path = Base.lproj/Main.storyboard; sourceTree = "<group>"; };
		FD78B464230CD7A100F5AA44 /* Assets.xcassets */ = {isa = PBXFileReference; lastKnownFileType = folder.assetcatalog; path = Assets.xcassets; sourceTree = "<group>"; };
		FD78B467230CD7A100F5AA44 /* Base */ = {isa = PBXFileReference; lastKnownFileType = file.storyboard; name = Base; path = Base.lproj/LaunchScreen.storyboard; sourceTree = "<group>"; };
		FD78B469230CD7A100F5AA44 /* Info.plist */ = {isa = PBXFileReference; lastKnownFileType = text.plist.xml; path = Info.plist; sourceTree = "<group>"; };
		FD78B46A230CD7A100F5AA44 /* main.m */ = {isa = PBXFileReference; lastKnownFileType = sourcecode.c.objc; path = main.m; sourceTree = "<group>"; };
		FD78B470230CD7A100F5AA44 /* iOS_Fastlane_DemoTests.xctest */ = {isa = PBXFileReference; explicitFileType = wrapper.cfbundle; includeInIndex = 0; path = iOS_Fastlane_DemoTests.xctest; sourceTree = BUILT_PRODUCTS_DIR; };
		FD78B474230CD7A100F5AA44 /* iOS_Fastlane_DemoTests.m */ = {isa = PBXFileReference; lastKnownFileType = sourcecode.c.objc; path = iOS_Fastlane_DemoTests.m; sourceTree = "<group>"; };
		FD78B476230CD7A100F5AA44 /* Info.plist */ = {isa = PBXFileReference; lastKnownFileType = text.plist.xml; path = Info.plist; sourceTree = "<group>"; };
		FD78B47B230CD7A100F5AA44 /* iOS_Fastlane_DemoUITests.xctest */ = {isa = PBXFileReference; explicitFileType = wrapper.cfbundle; includeInIndex = 0; path = iOS_Fastlane_DemoUITests.xctest; sourceTree = BUILT_PRODUCTS_DIR; };
		FD78B47F230CD7A100F5AA44 /* iOS_Fastlane_DemoUITests.m */ = {isa = PBXFileReference; lastKnownFileType = sourcecode.c.objc; path = iOS_Fastlane_DemoUITests.m; sourceTree = "<group>"; };
		FD78B481230CD7A100F5AA44 /* Info.plist */ = {isa = PBXFileReference; lastKnownFileType = text.plist.xml; path = Info.plist; sourceTree = "<group>"; };
/* End PBXFileReference section */

/* Begin PBXFrameworksBuildPhase section */
		FD78B455230CD79E00F5AA44 /* Frameworks */ = {
			isa = PBXFrameworksBuildPhase;
			buildActionMask = 2147483647;
			files = (
				ED273EF03E78DDCAA6D4C1A4 /* Pods_iOS_Fastlane_Demo.framework in Frameworks */,
			);
			runOnlyForDeploymentPostprocessing = 0;
		};
		FD78B46D230CD7A100F5AA44 /* Frameworks */ = {
			isa = PBXFrameworksBuildPhase;
			buildActionMask = 2147483647;
			files = (
				8DF04A64831F3059DCFEFA60 /* Pods_iOS_Fastlane_DemoTests.framework in Frameworks */,
			);
			runOnlyForDeploymentPostprocessing = 0;
		};
		FD78B478230CD7A100F5AA44 /* Frameworks */ = {
			isa = PBXFrameworksBuildPhase;
			buildActionMask = 2147483647;
			files = (
				B6B3FE8B6662C5FDC1562DE3 /* Pods_iOS_Fastlane_DemoUITests.framework in Frameworks */,
			);
			runOnlyForDeploymentPostprocessing = 0;
		};
/* End PBXFrameworksBuildPhase section */

/* Begin PBXGroup section */
		E34320300A692778303F3D6D /* Frameworks */ = {
			isa = PBXGroup;
			children = (
				861745B3970EB86E55904D7E /* Pods_iOS_Fastlane_Demo.framework */,
				D734DA43318436E35BF959AC /* Pods_iOS_Fastlane_DemoTests.framework */,
				C06114D139F418D7A015D359 /* Pods_iOS_Fastlane_DemoUITests.framework */,
			);
			name = Frameworks;
			sourceTree = "<group>";
		};
		E4A59E9CB7B7691BB7321487 /* Pods */ = {
			isa = PBXGroup;
			children = (
				B066D332B9BAC62F0903C4F2 /* Pods-iOS_Fastlane_Demo.debug.xcconfig */,
				C834D1819759B085892C6791 /* Pods-iOS_Fastlane_Demo.release.xcconfig */,
				AA64D0F6034111F69E975CB1 /* Pods-iOS_Fastlane_DemoTests.debug.xcconfig */,
				BB4E65F982FA56B63D9AF049 /* Pods-iOS_Fastlane_DemoTests.release.xcconfig */,
				F81BD2161FDE128E9E7EBF89 /* Pods-iOS_Fastlane_DemoUITests.debug.xcconfig */,
				6677E4CB19DD44E4D4BA464F /* Pods-iOS_Fastlane_DemoUITests.release.xcconfig */,
			);
			path = Pods;
			sourceTree = "<group>";
		};
		FD78B44F230CD79E00F5AA44 = {
			isa = PBXGroup;
			children = (
				FD78B45A230CD79E00F5AA44 /* iOS_Fastlane_Demo */,
				FD78B473230CD7A100F5AA44 /* iOS_Fastlane_DemoTests */,
				FD78B47E230CD7A100F5AA44 /* iOS_Fastlane_DemoUITests */,
				FD78B459230CD79E00F5AA44 /* Products */,
				E4A59E9CB7B7691BB7321487 /* Pods */,
				E34320300A692778303F3D6D /* Frameworks */,
			);
			sourceTree = "<group>";
		};
		FD78B459230CD79E00F5AA44 /* Products */ = {
			isa = PBXGroup;
			children = (
				FD78B458230CD79E00F5AA44 /* iOS_Fastlane_Demo.app */,
				FD78B470230CD7A100F5AA44 /* iOS_Fastlane_DemoTests.xctest */,
				FD78B47B230CD7A100F5AA44 /* iOS_Fastlane_DemoUITests.xctest */,
			);
			name = Products;
			sourceTree = "<group>";
		};
		FD78B45A230CD79E00F5AA44 /* iOS_Fastlane_Demo */ = {
			isa = PBXGroup;
			children = (
				FD78B45B230CD79E00F5AA44 /* AppDelegate.h */,
				FD78B45C230CD79E00F5AA44 /* AppDelegate.m */,
				FD78B45E230CD79E00F5AA44 /* ViewController.h */,
				FD78B45F230CD79E00F5AA44 /* ViewController.m */,
				FD78B461230CD79E00F5AA44 /* Main.storyboard */,
				FD78B464230CD7A100F5AA44 /* Assets.xcassets */,
				FD78B466230CD7A100F5AA44 /* LaunchScreen.storyboard */,
				FD78B469230CD7A100F5AA44 /* Info.plist */,
				FD78B46A230CD7A100F5AA44 /* main.m */,
			);
			path = iOS_Fastlane_Demo;
			sourceTree = "<group>";
		};
		FD78B473230CD7A100F5AA44 /* iOS_Fastlane_DemoTests */ = {
			isa = PBXGroup;
			children = (
				FD78B474230CD7A100F5AA44 /* iOS_Fastlane_DemoTests.m */,
				FD78B476230CD7A100F5AA44 /* Info.plist */,
			);
			path = iOS_Fastlane_DemoTests;
			sourceTree = "<group>";
		};
		FD78B47E230CD7A100F5AA44 /* iOS_Fastlane_DemoUITests */ = {
			isa = PBXGroup;
			children = (
				FD78B47F230CD7A100F5AA44 /* iOS_Fastlane_DemoUITests.m */,
				FD78B481230CD7A100F5AA44 /* Info.plist */,
			);
			path = iOS_Fastlane_DemoUITests;
			sourceTree = "<group>";
		};
/* End PBXGroup section */

/* Begin PBXNativeTarget section */
		FD78B457230CD79E00F5AA44 /* iOS_Fastlane_Demo */ = {
			isa = PBXNativeTarget;
			buildConfigurationList = FD78B484230CD7A100F5AA44 /* Build configuration list for PBXNativeTarget "iOS_Fastlane_Demo" */;
			buildPhases = (
				C0BDC6C4A6074CE4BE944828 /* [CP] Check Pods Manifest.lock */,
				FD78B454230CD79E00F5AA44 /* Sources */,
				FD78B455230CD79E00F5AA44 /* Frameworks */,
				FD78B456230CD79E00F5AA44 /* Resources */,
				875439DCCB6F02A2DA061C45 /* [CP] Embed Pods Frameworks */,
			);
			buildRules = (
			);
			dependencies = (
			);
			name = iOS_Fastlane_Demo;
			productName = iOS_Fastlane_Demo;
			productReference = FD78B458230CD79E00F5AA44 /* iOS_Fastlane_Demo.app */;
			productType = "com.apple.product-type.application";
		};
		FD78B46F230CD7A100F5AA44 /* iOS_Fastlane_DemoTests */ = {
			isa = PBXNativeTarget;
			buildConfigurationList = FD78B487230CD7A100F5AA44 /* Build configuration list for PBXNativeTarget "iOS_Fastlane_DemoTests" */;
			buildPhases = (
				F467E16C32F8C7983C12D354 /* [CP] Check Pods Manifest.lock */,
				FD78B46C230CD7A100F5AA44 /* Sources */,
				FD78B46D230CD7A100F5AA44 /* Frameworks */,
				FD78B46E230CD7A100F5AA44 /* Resources */,
			);
			buildRules = (
			);
			dependencies = (
				FD78B472230CD7A100F5AA44 /* PBXTargetDependency */,
			);
			name = iOS_Fastlane_DemoTests;
			productName = iOS_Fastlane_DemoTests;
			productReference = FD78B470230CD7A100F5AA44 /* iOS_Fastlane_DemoTests.xctest */;
			productType = "com.apple.product-type.bundle.unit-test";
		};
		FD78B47A230CD7A100F5AA44 /* iOS_Fastlane_DemoUITests */ = {
			isa = PBXNativeTarget;
			buildConfigurationList = FD78B48A230CD7A100F5AA44 /* Build configuration list for PBXNativeTarget "iOS_Fastlane_DemoUITests" */;
			buildPhases = (
				39F1059D8545B9B83571FC49 /* [CP] Check Pods Manifest.lock */,
				FD78B477230CD7A100F5AA44 /* Sources */,
				FD78B478230CD7A100F5AA44 /* Frameworks */,
				FD78B479230CD7A100F5AA44 /* Resources */,
			);
			buildRules = (
			);
			dependencies = (
				FD78B47D230CD7A100F5AA44 /* PBXTargetDependency */,
			);
			name = iOS_Fastlane_DemoUITests;
			productName = iOS_Fastlane_DemoUITests;
			productReference = FD78B47B230CD7A100F5AA44 /* iOS_Fastlane_DemoUITests.xctest */;
			productType = "com.apple.product-type.bundle.ui-testing";
		};
/* End PBXNativeTarget section */

/* Begin PBXProject section */
		FD78B450230CD79E00F5AA44 /* Project object */ = {
			isa = PBXProject;
			attributes = {
				LastUpgradeCheck = 1030;
				ORGANIZATIONNAME = JianDan;
				TargetAttributes = {
					FD78B457230CD79E00F5AA44 = {
						CreatedOnToolsVersion = 10.3;
					};
					FD78B46F230CD7A100F5AA44 = {
						CreatedOnToolsVersion = 10.3;
						TestTargetID = FD78B457230CD79E00F5AA44;
					};
					FD78B47A230CD7A100F5AA44 = {
						CreatedOnToolsVersion = 10.3;
						TestTargetID = FD78B457230CD79E00F5AA44;
					};
				};
			};
			buildConfigurationList = FD78B453230CD79E00F5AA44 /* Build configuration list for PBXProject "iOS_Fastlane_Demo" */;
			compatibilityVersion = "Xcode 9.3";
			developmentRegion = en;
			hasScannedForEncodings = 0;
			knownRegions = (
				en,
				Base,
			);
			mainGroup = FD78B44F230CD79E00F5AA44;
			productRefGroup = FD78B459230CD79E00F5AA44 /* Products */;
			projectDirPath = "";
			projectRoot = "";
			targets = (
				FD78B457230CD79E00F5AA44 /* iOS_Fastlane_Demo */,
				FD78B46F230CD7A100F5AA44 /* iOS_Fastlane_DemoTests */,
				FD78B47A230CD7A100F5AA44 /* iOS_Fastlane_DemoUITests */,
			);
		};
/* End PBXProject section */

/* Begin PBXResourcesBuildPhase section */
		FD78B456230CD79E00F5AA44 /* Resources */ = {
			isa = PBXResourcesBuildPhase;
			buildActionMask = 2147483647;
			files = (
				FD78B468230CD7A100F5AA44 /* LaunchScreen.storyboard in Resources */,
				FD78B465230CD7A100F5AA44 /* Assets.xcassets in Resources */,
				FD78B463230CD79E00F5AA44 /* Main.storyboard in Resources */,
			);
			runOnlyForDeploymentPostprocessing = 0;
		};
		FD78B46E230CD7A100F5AA44 /* Resources */ = {
			isa = PBXResourcesBuildPhase;
			buildActionMask = 2147483647;
			files = (
			);
			runOnlyForDeploymentPostprocessing = 0;
		};
		FD78B479230CD7A100F5AA44 /* Resources */ = {
			isa = PBXResourcesBuildPhase;
			buildActionMask = 2147483647;
			files = (
			);
			runOnlyForDeploymentPostprocessing = 0;
		};
/* End PBXResourcesBuildPhase section */

/* Begin PBXShellScriptBuildPhase section */
		39F1059D8545B9B83571FC49 /* [CP] Check Pods Manifest.lock */ = {
			isa = PBXShellScriptBuildPhase;
			buildActionMask = 2147483647;
			files = (
			);
			inputFileListPaths = (
			);
			inputPaths = (
				"${PODS_PODFILE_DIR_PATH}/Podfile.lock",
				"${PODS_ROOT}/Manifest.lock",
			);
			name = "[CP] Check Pods Manifest.lock";
			outputFileListPaths = (
			);
			outputPaths = (
				"$(DERIVED_FILE_DIR)/Pods-iOS_Fastlane_DemoUITests-checkManifestLockResult.txt",
			);
			runOnlyForDeploymentPostprocessing = 0;
			shellPath = /bin/sh;
			shellScript = "diff \"${PODS_PODFILE_DIR_PATH}/Podfile.lock\" \"${PODS_ROOT}/Manifest.lock\" > /dev/null\nif [ $? != 0 ] ; then\n    # print error to STDERR\n    echo \"error: The sandbox is not in sync with the Podfile.lock. Run 'pod install' or update your CocoaPods installation.\" >&2\n    exit 1\nfi\n# This output is used by Xcode 'outputs' to avoid re-running this script phase.\necho \"SUCCESS\" > \"${SCRIPT_OUTPUT_FILE_0}\"\n";
			showEnvVarsInLog = 0;
		};
		875439DCCB6F02A2DA061C45 /* [CP] Embed Pods Frameworks */ = {
			isa = PBXShellScriptBuildPhase;
			buildActionMask = 2147483647;
			files = (
			);
			inputFileListPaths = (
				"${PODS_ROOT}/Target Support Files/Pods-iOS_Fastlane_Demo/Pods-iOS_Fastlane_Demo-frameworks-${CONFIGURATION}-input-files.xcfilelist",
			);
			name = "[CP] Embed Pods Frameworks";
			outputFileListPaths = (
				"${PODS_ROOT}/Target Support Files/Pods-iOS_Fastlane_Demo/Pods-iOS_Fastlane_Demo-frameworks-${CONFIGURATION}-output-files.xcfilelist",
			);
			runOnlyForDeploymentPostprocessing = 0;
			shellPath = /bin/sh;
			shellScript = "\"${PODS_ROOT}/Target Support Files/Pods-iOS_Fastlane_Demo/Pods-iOS_Fastlane_Demo-frameworks.sh\"\n";
			showEnvVarsInLog = 0;
		};
		C0BDC6C4A6074CE4BE944828 /* [CP] Check Pods Manifest.lock */ = {
			isa = PBXShellScriptBuildPhase;
			buildActionMask = 2147483647;
			files = (
			);
			inputFileListPaths = (
			);
			inputPaths = (
				"${PODS_PODFILE_DIR_PATH}/Podfile.lock",
				"${PODS_ROOT}/Manifest.lock",
			);
			name = "[CP] Check Pods Manifest.lock";
			outputFileListPaths = (
			);
			outputPaths = (
				"$(DERIVED_FILE_DIR)/Pods-iOS_Fastlane_Demo-checkManifestLockResult.txt",
			);
			runOnlyForDeploymentPostprocessing = 0;
			shellPath = /bin/sh;
			shellScript = "diff \"${PODS_PODFILE_DIR_PATH}/Podfile.lock\" \"${PODS_ROOT}/Manifest.lock\" > /dev/null\nif [ $? != 0 ] ; then\n    # print error to STDERR\n    echo \"error: The sandbox is not in sync with the Podfile.lock. Run 'pod install' or update your CocoaPods installation.\" >&2\n    exit 1\nfi\n# This output is used by Xcode 'outputs' to avoid re-running this script phase.\necho \"SUCCESS\" > \"${SCRIPT_OUTPUT_FILE_0}\"\n";
			showEnvVarsInLog = 0;
		};
		F467E16C32F8C7983C12D354 /* [CP] Check Pods Manifest.lock */ = {
			isa = PBXShellScriptBuildPhase;
			buildActionMask = 2147483647;
			files = (
			);
			inputFileListPaths = (
			);
			inputPaths = (
				"${PODS_PODFILE_DIR_PATH}/Podfile.lock",
				"${PODS_ROOT}/Manifest.lock",
			);
			name = "[CP] Check Pods Manifest.lock";
			outputFileListPaths = (
			);
			outputPaths = (
				"$(DERIVED_FILE_DIR)/Pods-iOS_Fastlane_DemoTests-checkManifestLockResult.txt",
			);
			runOnlyForDeploymentPostprocessing = 0;
			shellPath = /bin/sh;
			shellScript = "diff \"${PODS_PODFILE_DIR_PATH}/Podfile.lock\" \"${PODS_ROOT}/Manifest.lock\" > /dev/null\nif [ $? != 0 ] ; then\n    # print error to STDERR\n    echo \"error: The sandbox is not in sync with the Podfile.lock. Run 'pod install' or update your CocoaPods installation.\" >&2\n    exit 1\nfi\n# This output is used by Xcode 'outputs' to avoid re-running this script phase.\necho \"SUCCESS\" > \"${SCRIPT_OUTPUT_FILE_0}\"\n";
			showEnvVarsInLog = 0;
		};
/* End PBXShellScriptBuildPhase section */

/* Begin PBXSourcesBuildPhase section */
		FD78B454230CD79E00F5AA44 /* Sources */ = {
			isa = PBXSourcesBuildPhase;
			buildActionMask = 2147483647;
			files = (
				FD78B460230CD79E00F5AA44 /* ViewController.m in Sources */,
				FD78B46B230CD7A100F5AA44 /* main.m in Sources */,
				FD78B45D230CD79E00F5AA44 /* AppDelegate.m in Sources */,
			);
			runOnlyForDeploymentPostprocessing = 0;
		};
		FD78B46C230CD7A100F5AA44 /* Sources */ = {
			isa = PBXSourcesBuildPhase;
			buildActionMask = 2147483647;
			files = (
				FD78B475230CD7A100F5AA44 /* iOS_Fastlane_DemoTests.m in Sources */,
			);
			runOnlyForDeploymentPostprocessing = 0;
		};
		FD78B477230CD7A100F5AA44 /* Sources */ = {
			isa = PBXSourcesBuildPhase;
			buildActionMask = 2147483647;
			files = (
				FD78B480230CD7A100F5AA44 /* iOS_Fastlane_DemoUITests.m in Sources */,
			);
			runOnlyForDeploymentPostprocessing = 0;
		};
/* End PBXSourcesBuildPhase section */

/* Begin PBXTargetDependency section */
		FD78B472230CD7A100F5AA44 /* PBXTargetDependency */ = {
			isa = PBXTargetDependency;
			target = FD78B457230CD79E00F5AA44 /* iOS_Fastlane_Demo */;
			targetProxy = FD78B471230CD7A100F5AA44 /* PBXContainerItemProxy */;
		};
		FD78B47D230CD7A100F5AA44 /* PBXTargetDependency */ = {
			isa = PBXTargetDependency;
			target = FD78B457230CD79E00F5AA44 /* iOS_Fastlane_Demo */;
			targetProxy = FD78B47C230CD7A100F5AA44 /* PBXContainerItemProxy */;
		};
/* End PBXTargetDependency section */

/* Begin PBXVariantGroup section */
		FD78B461230CD79E00F5AA44 /* Main.storyboard */ = {
			isa = PBXVariantGroup;
			children = (
				FD78B462230CD79E00F5AA44 /* Base */,
			);
			name = Main.storyboard;
			sourceTree = "<group>";
		};
		FD78B466230CD7A100F5AA44 /* LaunchScreen.storyboard */ = {
			isa = PBXVariantGroup;
			children = (
				FD78B467230CD7A100F5AA44 /* Base */,
			);
			name = LaunchScreen.storyboard;
			sourceTree = "<group>";
		};
/* End PBXVariantGroup section */

/* Begin XCBuildConfiguration section */
		FD78B482230CD7A100F5AA44 /* Debug */ = {
			isa = XCBuildConfiguration;
			buildSettings = {
				ALWAYS_SEARCH_USER_PATHS = NO;
				CLANG_ANALYZER_NONNULL = YES;
				CLANG_ANALYZER_NUMBER_OBJECT_CONVERSION = YES_AGGRESSIVE;
				CLANG_CXX_LANGUAGE_STANDARD = "gnu++14";
				CLANG_CXX_LIBRARY = "libc++";
				CLANG_ENABLE_MODULES = YES;
				CLANG_ENABLE_OBJC_ARC = YES;
				CLANG_ENABLE_OBJC_WEAK = YES;
				CLANG_WARN_BLOCK_CAPTURE_AUTORELEASING = YES;
				CLANG_WARN_BOOL_CONVERSION = YES;
				CLANG_WARN_COMMA = YES;
				CLANG_WARN_CONSTANT_CONVERSION = YES;
				CLANG_WARN_DEPRECATED_OBJC_IMPLEMENTATIONS = YES;
				CLANG_WARN_DIRECT_OBJC_ISA_USAGE = YES_ERROR;
				CLANG_WARN_DOCUMENTATION_COMMENTS = YES;
				CLANG_WARN_EMPTY_BODY = YES;
				CLANG_WARN_ENUM_CONVERSION = YES;
				CLANG_WARN_INFINITE_RECURSION = YES;
				CLANG_WARN_INT_CONVERSION = YES;
				CLANG_WARN_NON_LITERAL_NULL_CONVERSION = YES;
				CLANG_WARN_OBJC_IMPLICIT_RETAIN_SELF = YES;
				CLANG_WARN_OBJC_LITERAL_CONVERSION = YES;
				CLANG_WARN_OBJC_ROOT_CLASS = YES_ERROR;
				CLANG_WARN_RANGE_LOOP_ANALYSIS = YES;
				CLANG_WARN_STRICT_PROTOTYPES = YES;
				CLANG_WARN_SUSPICIOUS_MOVE = YES;
				CLANG_WARN_UNGUARDED_AVAILABILITY = YES_AGGRESSIVE;
				CLANG_WARN_UNREACHABLE_CODE = YES;
				CLANG_WARN__DUPLICATE_METHOD_MATCH = YES;
				CODE_SIGN_IDENTITY = "iPhone Developer";
				COPY_PHASE_STRIP = NO;
				DEBUG_INFORMATION_FORMAT = dwarf;
				ENABLE_STRICT_OBJC_MSGSEND = YES;
				ENABLE_TESTABILITY = YES;
				GCC_C_LANGUAGE_STANDARD = gnu11;
				GCC_DYNAMIC_NO_PIC = NO;
				GCC_NO_COMMON_BLOCKS = YES;
				GCC_OPTIMIZATION_LEVEL = 0;
				GCC_PREPROCESSOR_DEFINITIONS = (
					"DEBUG=1",
					"$(inherited)",
				);
				GCC_WARN_64_TO_32_BIT_CONVERSION = YES;
				GCC_WARN_ABOUT_RETURN_TYPE = YES_ERROR;
				GCC_WARN_UNDECLARED_SELECTOR = YES;
				GCC_WARN_UNINITIALIZED_AUTOS = YES_AGGRESSIVE;
				GCC_WARN_UNUSED_FUNCTION = YES;
				GCC_WARN_UNUSED_VARIABLE = YES;
				IPHONEOS_DEPLOYMENT_TARGET = 12.4;
				MTL_ENABLE_DEBUG_INFO = INCLUDE_SOURCE;
				MTL_FAST_MATH = YES;
				ONLY_ACTIVE_ARCH = YES;
				SDKROOT = iphoneos;
			};
			name = Debug;
		};
		FD78B483230CD7A100F5AA44 /* Release */ = {
			isa = XCBuildConfiguration;
			buildSettings = {
				ALWAYS_SEARCH_USER_PATHS = NO;
				CLANG_ANALYZER_NONNULL = YES;
				CLANG_ANALYZER_NUMBER_OBJECT_CONVERSION = YES_AGGRESSIVE;
				CLANG_CXX_LANGUAGE_STANDARD = "gnu++14";
				CLANG_CXX_LIBRARY = "libc++";
				CLANG_ENABLE_MODULES = YES;
				CLANG_ENABLE_OBJC_ARC = YES;
				CLANG_ENABLE_OBJC_WEAK = YES;
				CLANG_WARN_BLOCK_CAPTURE_AUTORELEASING = YES;
				CLANG_WARN_BOOL_CONVERSION = YES;
				CLANG_WARN_COMMA = YES;
				CLANG_WARN_CONSTANT_CONVERSION = YES;
				CLANG_WARN_DEPRECATED_OBJC_IMPLEMENTATIONS = YES;
				CLANG_WARN_DIRECT_OBJC_ISA_USAGE = YES_ERROR;
				CLANG_WARN_DOCUMENTATION_COMMENTS = YES;
				CLANG_WARN_EMPTY_BODY = YES;
				CLANG_WARN_ENUM_CONVERSION = YES;
				CLANG_WARN_INFINITE_RECURSION = YES;
				CLANG_WARN_INT_CONVERSION = YES;
				CLANG_WARN_NON_LITERAL_NULL_CONVERSION = YES;
				CLANG_WARN_OBJC_IMPLICIT_RETAIN_SELF = YES;
				CLANG_WARN_OBJC_LITERAL_CONVERSION = YES;
				CLANG_WARN_OBJC_ROOT_CLASS = YES_ERROR;
				CLANG_WARN_RANGE_LOOP_ANALYSIS = YES;
				CLANG_WARN_STRICT_PROTOTYPES = YES;
				CLANG_WARN_SUSPICIOUS_MOVE = YES;
				CLANG_WARN_UNGUARDED_AVAILABILITY = YES_AGGRESSIVE;
				CLANG_WARN_UNREACHABLE_CODE = YES;
				CLANG_WARN__DUPLICATE_METHOD_MATCH = YES;
				CODE_SIGN_IDENTITY = "iPhone Developer";
				COPY_PHASE_STRIP = NO;
				DEBUG_INFORMATION_FORMAT = "dwarf-with-dsym";
				ENABLE_NS_ASSERTIONS = NO;
				ENABLE_STRICT_OBJC_MSGSEND = YES;
				GCC_C_LANGUAGE_STANDARD = gnu11;
				GCC_NO_COMMON_BLOCKS = YES;
				GCC_WARN_64_TO_32_BIT_CONVERSION = YES;
				GCC_WARN_ABOUT_RETURN_TYPE = YES_ERROR;
				GCC_WARN_UNDECLARED_SELECTOR = YES;
				GCC_WARN_UNINITIALIZED_AUTOS = YES_AGGRESSIVE;
				GCC_WARN_UNUSED_FUNCTION = YES;
				GCC_WARN_UNUSED_VARIABLE = YES;
				IPHONEOS_DEPLOYMENT_TARGET = 12.4;
				MTL_ENABLE_DEBUG_INFO = NO;
				MTL_FAST_MATH = YES;
				SDKROOT = iphoneos;
				VALIDATE_PRODUCT = YES;
			};
			name = Release;
		};
		FD78B485230CD7A100F5AA44 /* Debug */ = {
			isa = XCBuildConfiguration;
			baseConfigurationReference = B066D332B9BAC62F0903C4F2 /* Pods-iOS_Fastlane_Demo.debug.xcconfig */;
			buildSettings = {
				ASSETCATALOG_COMPILER_APPICON_NAME = AppIcon;
				CODE_SIGN_STYLE = Automatic;
				DEVELOPMENT_TEAM = LX27DF8435;
				INFOPLIST_FILE = iOS_Fastlane_Demo/Info.plist;
				IPHONEOS_DEPLOYMENT_TARGET = 10.0;
				LD_RUNPATH_SEARCH_PATHS = (
					"$(inherited)",
					"@executable_path/Frameworks",
				);
				PRODUCT_BUNDLE_IDENTIFIER = "com.JianDanDemo.iOS-Fastlane-Demo";
				PRODUCT_NAME = "$(TARGET_NAME)";
				TARGETED_DEVICE_FAMILY = 1;
			};
			name = Debug;
		};
		FD78B486230CD7A100F5AA44 /* Release */ = {
			isa = XCBuildConfiguration;
			baseConfigurationReference = C834D1819759B085892C6791 /* Pods-iOS_Fastlane_Demo.release.xcconfig */;
			buildSettings = {
				ASSETCATALOG_COMPILER_APPICON_NAME = AppIcon;
				CODE_SIGN_STYLE = Automatic;
				DEVELOPMENT_TEAM = LX27DF8435;
				INFOPLIST_FILE = iOS_Fastlane_Demo/Info.plist;
				IPHONEOS_DEPLOYMENT_TARGET = 10.0;
				LD_RUNPATH_SEARCH_PATHS = (
					"$(inherited)",
					"@executable_path/Frameworks",
				);
				PRODUCT_BUNDLE_IDENTIFIER = "com.JianDanDemo.iOS-Fastlane-Demo";
				PRODUCT_NAME = "$(TARGET_NAME)";
				TARGETED_DEVICE_FAMILY = 1;
			};
			name = Release;
		};
		FD78B488230CD7A100F5AA44 /* Debug */ = {
			isa = XCBuildConfiguration;
			baseConfigurationReference = AA64D0F6034111F69E975CB1 /* Pods-iOS_Fastlane_DemoTests.debug.xcconfig */;
			buildSettings = {
				BUNDLE_LOADER = "$(TEST_HOST)";
				CODE_SIGN_STYLE = Automatic;
				DEVELOPMENT_TEAM = LX27DF8435;
				INFOPLIST_FILE = iOS_Fastlane_DemoTests/Info.plist;
				LD_RUNPATH_SEARCH_PATHS = (
					"$(inherited)",
					"@executable_path/Frameworks",
					"@loader_path/Frameworks",
				);
				PRODUCT_BUNDLE_IDENTIFIER = "com.JianDanDemo.iOS-Fastlane-DemoTests";
				PRODUCT_NAME = "$(TARGET_NAME)";
				TARGETED_DEVICE_FAMILY = "1,2";
				TEST_HOST = "$(BUILT_PRODUCTS_DIR)/iOS_Fastlane_Demo.app/iOS_Fastlane_Demo";
			};
			name = Debug;
		};
		FD78B489230CD7A100F5AA44 /* Release */ = {
			isa = XCBuildConfiguration;
			baseConfigurationReference = BB4E65F982FA56B63D9AF049 /* Pods-iOS_Fastlane_DemoTests.release.xcconfig */;
			buildSettings = {
				BUNDLE_LOADER = "$(TEST_HOST)";
				CODE_SIGN_STYLE = Automatic;
				DEVELOPMENT_TEAM = LX27DF8435;
				INFOPLIST_FILE = iOS_Fastlane_DemoTests/Info.plist;
				LD_RUNPATH_SEARCH_PATHS = (
					"$(inherited)",
					"@executable_path/Frameworks",
					"@loader_path/Frameworks",
				);
				PRODUCT_BUNDLE_IDENTIFIER = "com.JianDanDemo.iOS-Fastlane-DemoTests";
				PRODUCT_NAME = "$(TARGET_NAME)";
				TARGETED_DEVICE_FAMILY = "1,2";
				TEST_HOST = "$(BUILT_PRODUCTS_DIR)/iOS_Fastlane_Demo.app/iOS_Fastlane_Demo";
			};
			name = Release;
		};
		FD78B48B230CD7A100F5AA44 /* Debug */ = {
			isa = XCBuildConfiguration;
			baseConfigurationReference = F81BD2161FDE128E9E7EBF89 /* Pods-iOS_Fastlane_DemoUITests.debug.xcconfig */;
			buildSettings = {
				CODE_SIGN_STYLE = Automatic;
				DEVELOPMENT_TEAM = LX27DF8435;
				INFOPLIST_FILE = iOS_Fastlane_DemoUITests/Info.plist;
				LD_RUNPATH_SEARCH_PATHS = (
					"$(inherited)",
					"@executable_path/Frameworks",
					"@loader_path/Frameworks",
				);
				PRODUCT_BUNDLE_IDENTIFIER = "com.JianDanDemo.iOS-Fastlane-DemoUITests";
				PRODUCT_NAME = "$(TARGET_NAME)";
				TARGETED_DEVICE_FAMILY = "1,2";
				TEST_TARGET_NAME = iOS_Fastlane_Demo;
			};
			name = Debug;
		};
		FD78B48C230CD7A100F5AA44 /* Release */ = {
			isa = XCBuildConfiguration;
			baseConfigurationReference = 6677E4CB19DD44E4D4BA464F /* Pods-iOS_Fastlane_DemoUITests.release.xcconfig */;
			buildSettings = {
				CODE_SIGN_STYLE = Automatic;
				DEVELOPMENT_TEAM = LX27DF8435;
				INFOPLIST_FILE = iOS_Fastlane_DemoUITests/Info.plist;
				LD_RUNPATH_SEARCH_PATHS = (
					"$(inherited)",
					"@executable_path/Frameworks",
					"@loader_path/Frameworks",
				);
				PRODUCT_BUNDLE_IDENTIFIER = "com.JianDanDemo.iOS-Fastlane-DemoUITests";
				PRODUCT_NAME = "$(TARGET_NAME)";
				TARGETED_DEVICE_FAMILY = "1,2";
				TEST_TARGET_NAME = iOS_Fastlane_Demo;
			};
			name = Release;
		};
/* End XCBuildConfiguration section */

/* Begin XCConfigurationList section */
		FD78B453230CD79E00F5AA44 /* Build configuration list for PBXProject "iOS_Fastlane_Demo" */ = {
			isa = XCConfigurationList;
			buildConfigurations = (
				FD78B482230CD7A100F5AA44 /* Debug */,
				FD78B483230CD7A100F5AA44 /* Release */,
			);
			defaultConfigurationIsVisible = 0;
			defaultConfigurationName = Release;
		};
		FD78B484230CD7A100F5AA44 /* Build configuration list for PBXNativeTarget "iOS_Fastlane_Demo" */ = {
			isa = XCConfigurationList;
			buildConfigurations = (
				FD78B485230CD7A100F5AA44 /* Debug */,
				FD78B486230CD7A100F5AA44 /* Release */,
			);
			defaultConfigurationIsVisible = 0;
			defaultConfigurationName = Release;
		};
		FD78B487230CD7A100F5AA44 /* Build configuration list for PBXNativeTarget "iOS_Fastlane_DemoTests" */ = {
			isa = XCConfigurationList;
			buildConfigurations = (
				FD78B488230CD7A100F5AA44 /* Debug */,
				FD78B489230CD7A100F5AA44 /* Release */,
			);
			defaultConfigurationIsVisible = 0;
			defaultConfigurationName = Release;
		};
		FD78B48A230CD7A100F5AA44 /* Build configuration list for PBXNativeTarget "iOS_Fastlane_DemoUITests" */ = {
			isa = XCConfigurationList;
			buildConfigurations = (
				FD78B48B230CD7A100F5AA44 /* Debug */,
				FD78B48C230CD7A100F5AA44 /* Release */,
			);
			defaultConfigurationIsVisible = 0;
			defaultConfigurationName = Release;
		};
/* End XCConfigurationList section */
	};
	rootObject = FD78B450230CD79E00F5AA44 /* Project object */;
}
